PODS:
  - Alamofire (4.9.1)
  - Charts (3.5.0):
    - Charts/Core (= 3.5.0)
  - Charts/Core (3.5.0)
  - CTMediator (44)
  - FSPagerView (0.8.3)
  - IQKeyboardManagerSwift (6.0.4)
  - Kingfisher (4.10.1)
  - Moya/Core (11.0.2):
    - Alamofire (~> 4.1)
    - Result (~> 3.0)
  - Moya/ReactiveSwift (11.0.2):
    - Moya/Core
    - ReactiveSwift (~> 3.0)
  - NVActivityIndicatorView (5.0.1):
    - NVActivityIndicatorView/Base (= 5.0.1)
  - NVActivityIndicatorView/Base (5.0.1)
  - ReactiveSwift (3.1.0):
    - Result (~> 3.2)
  - Result (3.2.4)
  - RxCocoa (5.1.1):
    - RxRelay (~> 5)
    - RxSwift (~> 5)
  - RxRelay (5.1.1):
    - RxSwift (~> 5)
  - RxSwift (5.1.1)
  - SCLAlertView (0.8)
  - SnapKit (4.0.1)
  - SwiftyJSON (4.3.0)
  - YYCategories (1.0.4):
    - YYCategories/no-arc (= 1.0.4)
  - YYCategories/no-arc (1.0.4)

DEPENDENCIES:
  - Alamofire (~> 4.7)
  - Charts
  - CTMediator
  - FSPagerView
  - IQKeyboardManagerSwift (= 6.0.4)
  - Kingfisher
  - Moya/ReactiveSwift (~> 11.0)
  - NVActivityIndicatorView
  - RxCocoa
  - RxSwift
  - SCLAlertView
  - SnapKit (~> 4.0.0)
  - SwiftyJSON (~> 4.0)
  - YYCategories

SPEC REPOS:
  https://github.com/CocoaPods/Specs.git:
    - Alamofire
    - Charts
    - CTMediator
    - FSPagerView
    - IQKeyboardManagerSwift
    - Kingfisher
    - Moya
    - NVActivityIndicatorView
    - ReactiveSwift
    - Result
    - RxCocoa
    - RxRelay
    - RxSwift
    - SCLAlertView
    - SnapKit
    - SwiftyJSON
    - YYCategories

SPEC CHECKSUMS:
  Alamofire: 85e8a02c69d6020a0d734f6054870d7ecb75cf18
  Charts: 40a08591df1f8ad5c223ddedfb1a06da92f24f7c
  CTMediator: 933dba523da87bf875e4a7e8728945fbc512f1d2
  FSPagerView: 670405b2f18e2a87fa37f20b00de783e562c25a8
  IQKeyboardManagerSwift: 36dbe324b4f9793f5f41ba5227f3e7c76dfefd50
  Kingfisher: c148cd7b47ebde9989f6bc7c27dcaa79d81279a0
  Moya: a725035953bc1c0eb1be505ab903984501d82440
  NVActivityIndicatorView: 738e843cb8924e9e4fc3e559d0728031624bf860
  ReactiveSwift: 5b26d2e988fe0eed2daf48c4054d1de74db50184
  Result: d2d07204ce72856f1fd9130bbe42c35a7b0fea10
  RxCocoa: 32065309a38d29b5b0db858819b5bf9ef038b601
  RxRelay: d77f7d771495f43c556cbc43eebd1bb54d01e8e9
  RxSwift: 81470a2074fa8780320ea5fe4102807cb7118178
  SCLAlertView: 6a77bb2edfc65e04dbe57725546cb4107a506b85
  SnapKit: 0de968a9fec17499afa29683b05d0c775b6d1c29
  SwiftyJSON: 6faa0040f8b59dead0ee07436cbf76b73c08fd08
  YYCategories: 6bcd4314c6661a561410dce4a793379ebd306abd

PODFILE CHECKSUM: 91f385b4d593958f4885c40ccaadd45df9d59eb2

COCOAPODS: 1.10.1
